
Microsoft Visual Studio Solution File, Format Version 12.00
# Visual Studio 15
VisualStudioVersion = 15.0.28010.2041
MinimumVisualStudioVersion = 10.0.40219.1
Project("{FAE04EC0-301F-11D3-BF4B-00C04F79EFBC}") = "WebApplication2", "WebApplication2\WebApplication2.csproj", "{7ACD698B-A958-47AF-9F00-AA6B5801ABC6}"
EndProject
Global
	GlobalSection(SolutionConfigurationPlatforms) = preSolution
		Debug|Any CPU = Debug|Any CPU
		Release|Any CPU = Release|Any CPU
	EndGlobalSection
	GlobalSection(ProjectConfigurationPlatforms) = postSolution
		{7ACD698B-A958-47AF-9F00-AA6B5801ABC6}.Debug|Any CPU.ActiveCfg = Debug|Any CPU
		{7ACD698B-A958-47AF-9F00-AA6B5801ABC6}.Debug|Any CPU.Build.0 = Debug|Any CPU
		{7ACD698B-A958-47AF-9F00-AA6B5801ABC6}.Release|Any CPU.ActiveCfg = Release|Any CPU
		{7ACD698B-A958-47AF-9F00-AA6B5801ABC6}.Release|Any CPU.Build.0 = Release|Any CPU
	EndGlobalSection
	GlobalSection(SolutionProperties) = preSolution
		HideSolutionNode = FALSE
	EndGlobalSection
	GlobalSection(ExtensibilityGlobals) = postSolution
		SolutionGuid = {46D091BE-E166-49DC-8207-C3BD0FF0C6A8}
	EndGlobalSection
EndGlobal
